// !$*UTF8*$!
{
	archiveVersion = 1;
	classes = {
	};
	objectVersion = 50;
	objects = {

/* Begin PBXBuildFile section */
		071F309322856EEE002C66B7 /* AlbumsCollectionViewCell.swift in Sources */ = {isa = PBXBuildFile; fileRef = 071F309122856EEE002C66B7 /* AlbumsCollectionViewCell.swift */; };
		071F309422856EEE002C66B7 /* AlbumsCollectionViewCell.xib in Resources */ = {isa = PBXBuildFile; fileRef = 071F309222856EEE002C66B7 /* AlbumsCollectionViewCell.xib */; };
		071F3098228572BE002C66B7 /* TracksTableViewCell.swift in Sources */ = {isa = PBXBuildFile; fileRef = 071F3096228572BE002C66B7 /* TracksTableViewCell.swift */; };
		071F3099228572BE002C66B7 /* TracksTableViewCell.xib in Resources */ = {isa = PBXBuildFile; fileRef = 071F3097228572BE002C66B7 /* TracksTableViewCell.xib */; };
		071F309B228574EC002C66B7 /* Album.swift in Sources */ = {isa = PBXBuildFile; fileRef = 071F309A228574EC002C66B7 /* Album.swift */; };
		6F94A3D622830E24009C71FB /* AppDelegate.swift in Sources */ = {isa = PBXBuildFile; fileRef = 6F94A3D522830E24009C71FB /* AppDelegate.swift */; };
		6F94A3D822830E24009C71FB /* ViewController.swift in Sources */ = {isa = PBXBuildFile; fileRef = 6F94A3D722830E24009C71FB /* ViewController.swift */; };
		6F94A3DD22830E25009C71FB /* Assets.xcassets in Resources */ = {isa = PBXBuildFile; fileRef = 6F94A3DC22830E25009C71FB /* Assets.xcassets */; };
		6F94A3E022830E25009C71FB /* LaunchScreen.storyboard in Resources */ = {isa = PBXBuildFile; fileRef = 6F94A3DE22830E25009C71FB /* LaunchScreen.storyboard */; };
		6F94A3F22283103A009C71FB /* Home.storyboard in Resources */ = {isa = PBXBuildFile; fileRef = 6F94A3F12283103A009C71FB /* Home.storyboard */; };
		6F94A3F422831054009C71FB /* HomeViewController.swift in Sources */ = {isa = PBXBuildFile; fileRef = 6F94A3F322831054009C71FB /* HomeViewController.swift */; };
		6F94A3F622831268009C71FB /* AlbumViewController.swift in Sources */ = {isa = PBXBuildFile; fileRef = 6F94A3F522831268009C71FB /* AlbumViewController.swift */; };
		6F94A3F822831270009C71FB /* TrackViewController.swift in Sources */ = {isa = PBXBuildFile; fileRef = 6F94A3F722831270009C71FB /* TrackViewController.swift */; };
		A46CDCE1A1F80151A370B848 /* Pods_RxSwiftDemo2.framework in Frameworks */ = {isa = PBXBuildFile; fileRef = 02272901496D243986E9DA43 /* Pods_RxSwiftDemo2.framework */; };
/* End PBXBuildFile section */

/* Begin PBXFileReference section */
		02272901496D243986E9DA43 /* Pods_RxSwiftDemo2.framework */ = {isa = PBXFileReference; explicitFileType = wrapper.framework; includeInIndex = 0; path = Pods_RxSwiftDemo2.framework; sourceTree = BUILT_PRODUCTS_DIR; };
		071F309122856EEE002C66B7 /* AlbumsCollectionViewCell.swift */ = {isa = PBXFileReference; lastKnownFileType = sourcecode.swift; path = AlbumsCollectionViewCell.swift; sourceTree = "<group>"; };
		071F309222856EEE002C66B7 /* AlbumsCollectionViewCell.xib */ = {isa = PBXFileReference; lastKnownFileType = file.xib; path = AlbumsCollectionViewCell.xib; sourceTree = "<group>"; };
		071F3096228572BE002C66B7 /* TracksTableViewCell.swift */ = {isa = PBXFileReference; lastKnownFileType = sourcecode.swift; path = TracksTableViewCell.swift; sourceTree = "<group>"; };
		071F3097228572BE002C66B7 /* TracksTableViewCell.xib */ = {isa = PBXFileReference; lastKnownFileType = file.xib; path = TracksTableViewCell.xib; sourceTree = "<group>"; };
		071F309A228574EC002C66B7 /* Album.swift */ = {isa = PBXFileReference; lastKnownFileType = sourcecode.swift; name = Album.swift; path = "RxSwiftDemo2/Support Files/TracksTableViewCell/Album.swift"; sourceTree = SOURCE_ROOT; };
		522CE7898D03B7D0E02A5F85 /* Pods-RxSwiftDemo2.release.xcconfig */ = {isa = PBXFileReference; includeInIndex = 1; lastKnownFileType = text.xcconfig; name = "Pods-RxSwiftDemo2.release.xcconfig"; path = "Target Support Files/Pods-RxSwiftDemo2/Pods-RxSwiftDemo2.release.xcconfig"; sourceTree = "<group>"; };
		6F94A3D222830E24009C71FB /* RxSwiftDemo2.app */ = {isa = PBXFileReference; explicitFileType = wrapper.application; includeInIndex = 0; path = RxSwiftDemo2.app; sourceTree = BUILT_PRODUCTS_DIR; };
		6F94A3D522830E24009C71FB /* AppDelegate.swift */ = {isa = PBXFileReference; lastKnownFileType = sourcecode.swift; path = AppDelegate.swift; sourceTree = "<group>"; };
		6F94A3D722830E24009C71FB /* ViewController.swift */ = {isa = PBXFileReference; lastKnownFileType = sourcecode.swift; path = ViewController.swift; sourceTree = "<group>"; };
		6F94A3DC22830E25009C71FB /* Assets.xcassets */ = {isa = PBXFileReference; lastKnownFileType = folder.assetcatalog; path = Assets.xcassets; sourceTree = "<group>"; };
		6F94A3DF22830E25009C71FB /* Base */ = {isa = PBXFileReference; lastKnownFileType = file.storyboard; name = Base; path = Base.lproj/LaunchScreen.storyboard; sourceTree = "<group>"; };
		6F94A3E122830E25009C71FB /* Info.plist */ = {isa = PBXFileReference; lastKnownFileType = text.plist.xml; path = Info.plist; sourceTree = "<group>"; };
		6F94A3F12283103A009C71FB /* Home.storyboard */ = {isa = PBXFileReference; lastKnownFileType = file.storyboard; path = Home.storyboard; sourceTree = "<group>"; };
		6F94A3F322831054009C71FB /* HomeViewController.swift */ = {isa = PBXFileReference; lastKnownFileType = sourcecode.swift; path = HomeViewController.swift; sourceTree = "<group>"; };
		6F94A3F522831268009C71FB /* AlbumViewController.swift */ = {isa = PBXFileReference; lastKnownFileType = sourcecode.swift; path = AlbumViewController.swift; sourceTree = "<group>"; };
		6F94A3F722831270009C71FB /* TrackViewController.swift */ = {isa = PBXFileReference; lastKnownFileType = sourcecode.swift; path = TrackViewController.swift; sourceTree = "<group>"; };
		B25512C347EC341DB0507923 /* Pods-RxSwiftDemo2.debug.xcconfig */ = {isa = PBXFileReference; includeInIndex = 1; lastKnownFileType = text.xcconfig; name = "Pods-RxSwiftDemo2.debug.xcconfig"; path = "Target Support Files/Pods-RxSwiftDemo2/Pods-RxSwiftDemo2.debug.xcconfig"; sourceTree = "<group>"; };
/* End PBXFileReference section */

/* Begin PBXFrameworksBuildPhase section */
		6F94A3CF22830E24009C71FB /* Frameworks */ = {
			isa = PBXFrameworksBuildPhase;
			buildActionMask = 2147483647;
			files = (
				A46CDCE1A1F80151A370B848 /* Pods_RxSwiftDemo2.framework in Frameworks */,
			);
			runOnlyForDeploymentPostprocessing = 0;
		};
/* End PBXFrameworksBuildPhase section */

/* Begin PBXGroup section */
		071F309022856ECF002C66B7 /* AlbumsCollectionViewCell */ = {
			isa = PBXGroup;
			children = (
				071F309122856EEE002C66B7 /* AlbumsCollectionViewCell.swift */,
				071F309222856EEE002C66B7 /* AlbumsCollectionViewCell.xib */,
			);
			path = AlbumsCollectionViewCell;
			sourceTree = "<group>";
		};
		071F3095228572A9002C66B7 /* TracksTableViewCell */ = {
			isa = PBXGroup;
			children = (
				071F3096228572BE002C66B7 /* TracksTableViewCell.swift */,
				071F3097228572BE002C66B7 /* TracksTableViewCell.xib */,
			);
			path = TracksTableViewCell;
			sourceTree = "<group>";
		};
		6F94A3C922830E24009C71FB = {
			isa = PBXGroup;
			children = (
				6F94A3D422830E24009C71FB /* RxSwiftDemo2 */,
				6F94A3D322830E24009C71FB /* Products */,
				FFEDBFE89F115CCE44AFCFAC /* Pods */,
				A5E21C8B2E4F227C6112FE6A /* Frameworks */,
			);
			sourceTree = "<group>";
		};
		6F94A3D322830E24009C71FB /* Products */ = {
			isa = PBXGroup;
			children = (
				6F94A3D222830E24009C71FB /* RxSwiftDemo2.app */,
			);
			name = Products;
			sourceTree = "<group>";
		};
		6F94A3D422830E24009C71FB /* RxSwiftDemo2 */ = {
			isa = PBXGroup;
			children = (
				6F94A3EC22830FE8009C71FB /* Support Files */,
				6F94A3EB22830F93009C71FB /* Helper */,
				6F94A3E722830F67009C71FB /* Home */,
				6F94A3D722830E24009C71FB /* ViewController.swift */,
				6F94A3DC22830E25009C71FB /* Assets.xcassets */,
				6F94A3DE22830E25009C71FB /* LaunchScreen.storyboard */,
				6F94A3E122830E25009C71FB /* Info.plist */,
			);
			path = RxSwiftDemo2;
			sourceTree = "<group>";
		};
		6F94A3E722830F67009C71FB /* Home */ = {
			isa = PBXGroup;
			children = (
				6F94A3EA22830F7B009C71FB /* Model */,
				6F94A3E922830F75009C71FB /* View */,
				6F94A3E822830F6E009C71FB /* ViewModel */,
			);
			path = Home;
			sourceTree = "<group>";
		};
		6F94A3E822830F6E009C71FB /* ViewModel */ = {
			isa = PBXGroup;
			children = (
			);
			path = ViewModel;
			sourceTree = "<group>";
		};
		6F94A3E922830F75009C71FB /* View */ = {
			isa = PBXGroup;
			children = (
				6F94A3F12283103A009C71FB /* Home.storyboard */,
				6F94A3F322831054009C71FB /* HomeViewController.swift */,
				6F94A3F522831268009C71FB /* AlbumViewController.swift */,
				6F94A3F722831270009C71FB /* TrackViewController.swift */,
			);
			path = View;
			sourceTree = "<group>";
		};
		6F94A3EA22830F7B009C71FB /* Model */ = {
			isa = PBXGroup;
			children = (
				071F309A228574EC002C66B7 /* Album.swift */,
			);
			path = Model;
			sourceTree = "<group>";
		};
		6F94A3EB22830F93009C71FB /* Helper */ = {
			isa = PBXGroup;
			children = (
			);
			path = Helper;
			sourceTree = "<group>";
		};
		6F94A3EC22830FE8009C71FB /* Support Files */ = {
			isa = PBXGroup;
			children = (
				071F3095228572A9002C66B7 /* TracksTableViewCell */,
				071F309022856ECF002C66B7 /* AlbumsCollectionViewCell */,
				6F94A3D522830E24009C71FB /* AppDelegate.swift */,
			);
			path = "Support Files";
			sourceTree = "<group>";
		};
		A5E21C8B2E4F227C6112FE6A /* Frameworks */ = {
			isa = PBXGroup;
			children = (
				02272901496D243986E9DA43 /* Pods_RxSwiftDemo2.framework */,
			);
			name = Frameworks;
			sourceTree = "<group>";
		};
		FFEDBFE89F115CCE44AFCFAC /* Pods */ = {
			isa = PBXGroup;
			children = (
				B25512C347EC341DB0507923 /* Pods-RxSwiftDemo2.debug.xcconfig */,
				522CE7898D03B7D0E02A5F85 /* Pods-RxSwiftDemo2.release.xcconfig */,
			);
			path = Pods;
			sourceTree = "<group>";
		};
/* End PBXGroup section */

/* Begin PBXNativeTarget section */
		6F94A3D122830E24009C71FB /* RxSwiftDemo2 */ = {
			isa = PBXNativeTarget;
			buildConfigurationList = 6F94A3E422830E25009C71FB /* Build configuration list for PBXNativeTarget "RxSwiftDemo2" */;
			buildPhases = (
				7B24C6B360BFE688CF7783EF /* [CP] Check Pods Manifest.lock */,
				6F94A3CE22830E24009C71FB /* Sources */,
				6F94A3CF22830E24009C71FB /* Frameworks */,
				6F94A3D022830E24009C71FB /* Resources */,
				065EB5C4CD32A0389EB76008 /* [CP] Embed Pods Frameworks */,
			);
			buildRules = (
			);
			dependencies = (
			);
			name = RxSwiftDemo2;
			productName = RxSwiftDemo2;
			productReference = 6F94A3D222830E24009C71FB /* RxSwiftDemo2.app */;
			productType = "com.apple.product-type.application";
		};
/* End PBXNativeTarget section */

/* Begin PBXProject section */
		6F94A3CA22830E24009C71FB /* Project object */ = {
			isa = PBXProject;
			attributes = {
				LastSwiftUpdateCheck = 1020;
				LastUpgradeCheck = 1020;
				ORGANIZATIONNAME = Leezb;
				TargetAttributes = {
					6F94A3D122830E24009C71FB = {
						CreatedOnToolsVersion = 10.2.1;
					};
				};
			};
			buildConfigurationList = 6F94A3CD22830E24009C71FB /* Build configuration list for PBXProject "RxSwiftDemo2" */;
			compatibilityVersion = "Xcode 9.3";
			developmentRegion = en;
			hasScannedForEncodings = 0;
			knownRegions = (
				en,
				Base,
			);
			mainGroup = 6F94A3C922830E24009C71FB;
			productRefGroup = 6F94A3D322830E24009C71FB /* Products */;
			projectDirPath = "";
			projectRoot = "";
			targets = (
				6F94A3D122830E24009C71FB /* RxSwiftDemo2 */,
			);
		};
/* End PBXProject section */

/* Begin PBXResourcesBuildPhase section */
		6F94A3D022830E24009C71FB /* Resources */ = {
			isa = PBXResourcesBuildPhase;
			buildActionMask = 2147483647;
			files = (
				071F309422856EEE002C66B7 /* AlbumsCollectionViewCell.xib in Resources */,
				6F94A3F22283103A009C71FB /* Home.storyboard in Resources */,
				6F94A3E022830E25009C71FB /* LaunchScreen.storyboard in Resources */,
				071F3099228572BE002C66B7 /* TracksTableViewCell.xib in Resources */,
				6F94A3DD22830E25009C71FB /* Assets.xcassets in Resources */,
			);
			runOnlyForDeploymentPostprocessing = 0;
		};
/* End PBXResourcesBuildPhase section */

/* Begin PBXShellScriptBuildPhase section */
		065EB5C4CD32A0389EB76008 /* [CP] Embed Pods Frameworks */ = {
			isa = PBXShellScriptBuildPhase;
			buildActionMask = 2147483647;
			files = (
			);
			inputFileListPaths = (
			);
			inputPaths = (
				"${PODS_ROOT}/Target Support Files/Pods-RxSwiftDemo2/Pods-RxSwiftDemo2-frameworks.sh",
				"${BUILT_PRODUCTS_DIR}/Alamofire/Alamofire.framework",
				"${BUILT_PRODUCTS_DIR}/Moya/Moya.framework",
				"${BUILT_PRODUCTS_DIR}/Result/Result.framework",
				"${BUILT_PRODUCTS_DIR}/RxCocoa/RxCocoa.framework",
				"${BUILT_PRODUCTS_DIR}/RxSwift/RxSwift.framework",
			);
			name = "[CP] Embed Pods Frameworks";
			outputFileListPaths = (
			);
			outputPaths = (
				"${TARGET_BUILD_DIR}/${FRAMEWORKS_FOLDER_PATH}/Alamofire.framework",
				"${TARGET_BUILD_DIR}/${FRAMEWORKS_FOLDER_PATH}/Moya.framework",
				"${TARGET_BUILD_DIR}/${FRAMEWORKS_FOLDER_PATH}/Result.framework",
				"${TARGET_BUILD_DIR}/${FRAMEWORKS_FOLDER_PATH}/RxCocoa.framework",
				"${TARGET_BUILD_DIR}/${FRAMEWORKS_FOLDER_PATH}/RxSwift.framework",
			);
			runOnlyForDeploymentPostprocessing = 0;
			shellPath = /bin/sh;
			shellScript = "\"${PODS_ROOT}/Target Support Files/Pods-RxSwiftDemo2/Pods-RxSwiftDemo2-frameworks.sh\"\n";
			showEnvVarsInLog = 0;
		};
		7B24C6B360BFE688CF7783EF /* [CP] Check Pods Manifest.lock */ = {
			isa = PBXShellScriptBuildPhase;
			buildActionMask = 2147483647;
			files = (
			);
			inputFileListPaths = (
			);
			inputPaths = (
				"${PODS_PODFILE_DIR_PATH}/Podfile.lock",
				"${PODS_ROOT}/Manifest.lock",
			);
			name = "[CP] Check Pods Manifest.lock";
			outputFileListPaths = (
			);
			outputPaths = (
				"$(DERIVED_FILE_DIR)/Pods-RxSwiftDemo2-checkManifestLockResult.txt",
			);
			runOnlyForDeploymentPostprocessing = 0;
			shellPath = /bin/sh;
			shellScript = "diff \"${PODS_PODFILE_DIR_PATH}/Podfile.lock\" \"${PODS_ROOT}/Manifest.lock\" > /dev/null\nif [ $? != 0 ] ; then\n    # print error to STDERR\n    echo \"error: The sandbox is not in sync with the Podfile.lock. Run 'pod install' or update your CocoaPods installation.\" >&2\n    exit 1\nfi\n# This output is used by Xcode 'outputs' to avoid re-running this script phase.\necho \"SUCCESS\" > \"${SCRIPT_OUTPUT_FILE_0}\"\n";
			showEnvVarsInLog = 0;
		};
/* End PBXShellScriptBuildPhase section */

/* Begin PBXSourcesBuildPhase section */
		6F94A3CE22830E24009C71FB /* Sources */ = {
			isa = PBXSourcesBuildPhase;
			buildActionMask = 2147483647;
			files = (
				6F94A3F622831268009C71FB /* AlbumViewController.swift in Sources */,
				6F94A3D822830E24009C71FB /* ViewController.swift in Sources */,
				071F309322856EEE002C66B7 /* AlbumsCollectionViewCell.swift in Sources */,
				6F94A3D622830E24009C71FB /* AppDelegate.swift in Sources */,
				6F94A3F422831054009C71FB /* HomeViewController.swift in Sources */,
				6F94A3F822831270009C71FB /* TrackViewController.swift in Sources */,
				071F3098228572BE002C66B7 /* TracksTableViewCell.swift in Sources */,
				071F309B228574EC002C66B7 /* Album.swift in Sources */,
			);
			runOnlyForDeploymentPostprocessing = 0;
		};
/* End PBXSourcesBuildPhase section */

/* Begin PBXVariantGroup section */
		6F94A3DE22830E25009C71FB /* LaunchScreen.storyboard */ = {
			isa = PBXVariantGroup;
			children = (
				6F94A3DF22830E25009C71FB /* Base */,
			);
			name = LaunchScreen.storyboard;
			sourceTree = "<group>";
		};
/* End PBXVariantGroup section */

/* Begin XCBuildConfiguration section */
		6F94A3E222830E25009C71FB /* Debug */ = {
			isa = XCBuildConfiguration;
			buildSettings = {
				ALWAYS_SEARCH_USER_PATHS = NO;
				CLANG_ANALYZER_NONNULL = YES;
				CLANG_ANALYZER_NUMBER_OBJECT_CONVERSION = YES_AGGRESSIVE;
				CLANG_CXX_LANGUAGE_STANDARD = "gnu++14";
				CLANG_CXX_LIBRARY = "libc++";
				CLANG_ENABLE_MODULES = YES;
				CLANG_ENABLE_OBJC_ARC = YES;
				CLANG_ENABLE_OBJC_WEAK = YES;
				CLANG_WARN_BLOCK_CAPTURE_AUTORELEASING = YES;
				CLANG_WARN_BOOL_CONVERSION = YES;
				CLANG_WARN_COMMA = YES;
				CLANG_WARN_CONSTANT_CONVERSION = YES;
				CLANG_WARN_DEPRECATED_OBJC_IMPLEMENTATIONS = YES;
				CLANG_WARN_DIRECT_OBJC_ISA_USAGE = YES_ERROR;
				CLANG_WARN_DOCUMENTATION_COMMENTS = YES;
				CLANG_WARN_EMPTY_BODY = YES;
				CLANG_WARN_ENUM_CONVERSION = YES;
				CLANG_WARN_INFINITE_RECURSION = YES;
				CLANG_WARN_INT_CONVERSION = YES;
				CLANG_WARN_NON_LITERAL_NULL_CONVERSION = YES;
				CLANG_WARN_OBJC_IMPLICIT_RETAIN_SELF = YES;
				CLANG_WARN_OBJC_LITERAL_CONVERSION = YES;
				CLANG_WARN_OBJC_ROOT_CLASS = YES_ERROR;
				CLANG_WARN_RANGE_LOOP_ANALYSIS = YES;
				CLANG_WARN_STRICT_PROTOTYPES = YES;
				CLANG_WARN_SUSPICIOUS_MOVE = YES;
				CLANG_WARN_UNGUARDED_AVAILABILITY = YES_AGGRESSIVE;
				CLANG_WARN_UNREACHABLE_CODE = YES;
				CLANG_WARN__DUPLICATE_METHOD_MATCH = YES;
				CODE_SIGN_IDENTITY = "iPhone Developer";
				COPY_PHASE_STRIP = NO;
				DEBUG_INFORMATION_FORMAT = dwarf;
				ENABLE_STRICT_OBJC_MSGSEND = YES;
				ENABLE_TESTABILITY = YES;
				GCC_C_LANGUAGE_STANDARD = gnu11;
				GCC_DYNAMIC_NO_PIC = NO;
				GCC_NO_COMMON_BLOCKS = YES;
				GCC_OPTIMIZATION_LEVEL = 0;
				GCC_PREPROCESSOR_DEFINITIONS = (
					"DEBUG=1",
					"$(inherited)",
				);
				GCC_WARN_64_TO_32_BIT_CONVERSION = YES;
				GCC_WARN_ABOUT_RETURN_TYPE = YES_ERROR;
				GCC_WARN_UNDECLARED_SELECTOR = YES;
				GCC_WARN_UNINITIALIZED_AUTOS = YES_AGGRESSIVE;
				GCC_WARN_UNUSED_FUNCTION = YES;
				GCC_WARN_UNUSED_VARIABLE = YES;
				IPHONEOS_DEPLOYMENT_TARGET = 12.2;
				MTL_ENABLE_DEBUG_INFO = INCLUDE_SOURCE;
				MTL_FAST_MATH = YES;
				ONLY_ACTIVE_ARCH = YES;
				SDKROOT = iphoneos;
				SWIFT_ACTIVE_COMPILATION_CONDITIONS = DEBUG;
				SWIFT_OPTIMIZATION_LEVEL = "-Onone";
			};
			name = Debug;
		};
		6F94A3E322830E25009C71FB /* Release */ = {
			isa = XCBuildConfiguration;
			buildSettings = {
				ALWAYS_SEARCH_USER_PATHS = NO;
				CLANG_ANALYZER_NONNULL = YES;
				CLANG_ANALYZER_NUMBER_OBJECT_CONVERSION = YES_AGGRESSIVE;
				CLANG_CXX_LANGUAGE_STANDARD = "gnu++14";
				CLANG_CXX_LIBRARY = "libc++";
				CLANG_ENABLE_MODULES = YES;
				CLANG_ENABLE_OBJC_ARC = YES;
				CLANG_ENABLE_OBJC_WEAK = YES;
				CLANG_WARN_BLOCK_CAPTURE_AUTORELEASING = YES;
				CLANG_WARN_BOOL_CONVERSION = YES;
				CLANG_WARN_COMMA = YES;
				CLANG_WARN_CONSTANT_CONVERSION = YES;
				CLANG_WARN_DEPRECATED_OBJC_IMPLEMENTATIONS = YES;
				CLANG_WARN_DIRECT_OBJC_ISA_USAGE = YES_ERROR;
				CLANG_WARN_DOCUMENTATION_COMMENTS = YES;
				CLANG_WARN_EMPTY_BODY = YES;
				CLANG_WARN_ENUM_CONVERSION = YES;
				CLANG_WARN_INFINITE_RECURSION = YES;
				CLANG_WARN_INT_CONVERSION = YES;
				CLANG_WARN_NON_LITERAL_NULL_CONVERSION = YES;
				CLANG_WARN_OBJC_IMPLICIT_RETAIN_SELF = YES;
				CLANG_WARN_OBJC_LITERAL_CONVERSION = YES;
				CLANG_WARN_OBJC_ROOT_CLASS = YES_ERROR;
				CLANG_WARN_RANGE_LOOP_ANALYSIS = YES;
				CLANG_WARN_STRICT_PROTOTYPES = YES;
				CLANG_WARN_SUSPICIOUS_MOVE = YES;
				CLANG_WARN_UNGUARDED_AVAILABILITY = YES_AGGRESSIVE;
				CLANG_WARN_UNREACHABLE_CODE = YES;
				CLANG_WARN__DUPLICATE_METHOD_MATCH = YES;
				CODE_SIGN_IDENTITY = "iPhone Developer";
				COPY_PHASE_STRIP = NO;
				DEBUG_INFORMATION_FORMAT = "dwarf-with-dsym";
				ENABLE_NS_ASSERTIONS = NO;
				ENABLE_STRICT_OBJC_MSGSEND = YES;
				GCC_C_LANGUAGE_STANDARD = gnu11;
				GCC_NO_COMMON_BLOCKS = YES;
				GCC_WARN_64_TO_32_BIT_CONVERSION = YES;
				GCC_WARN_ABOUT_RETURN_TYPE = YES_ERROR;
				GCC_WARN_UNDECLARED_SELECTOR = YES;
				GCC_WARN_UNINITIALIZED_AUTOS = YES_AGGRESSIVE;
				GCC_WARN_UNUSED_FUNCTION = YES;
				GCC_WARN_UNUSED_VARIABLE = YES;
				IPHONEOS_DEPLOYMENT_TARGET = 12.2;
				MTL_ENABLE_DEBUG_INFO = NO;
				MTL_FAST_MATH = YES;
				SDKROOT = iphoneos;
				SWIFT_COMPILATION_MODE = wholemodule;
				SWIFT_OPTIMIZATION_LEVEL = "-O";
				VALIDATE_PRODUCT = YES;
			};
			name = Release;
		};
		6F94A3E522830E25009C71FB /* Debug */ = {
			isa = XCBuildConfiguration;
			baseConfigurationReference = B25512C347EC341DB0507923 /* Pods-RxSwiftDemo2.debug.xcconfig */;
			buildSettings = {
				ASSETCATALOG_COMPILER_APPICON_NAME = AppIcon;
				CODE_SIGN_STYLE = Automatic;
				DEVELOPMENT_TEAM = D7MYVPXR97;
				INFOPLIST_FILE = RxSwiftDemo2/Info.plist;
				LD_RUNPATH_SEARCH_PATHS = (
					"$(inherited)",
					"@executable_path/Frameworks",
				);
				PRODUCT_BUNDLE_IDENTIFIER = leezb101Test.RxSwiftDemo2;
				PRODUCT_NAME = "$(TARGET_NAME)";
				SWIFT_VERSION = 5.0;
				TARGETED_DEVICE_FAMILY = "1,2";
			};
			name = Debug;
		};
		6F94A3E622830E25009C71FB /* Release */ = {
			isa = XCBuildConfiguration;
			baseConfigurationReference = 522CE7898D03B7D0E02A5F85 /* Pods-RxSwiftDemo2.release.xcconfig */;
			buildSettings = {
				ASSETCATALOG_COMPILER_APPICON_NAME = AppIcon;
				CODE_SIGN_STYLE = Automatic;
				DEVELOPMENT_TEAM = D7MYVPXR97;
				INFOPLIST_FILE = RxSwiftDemo2/Info.plist;
				LD_RUNPATH_SEARCH_PATHS = (
					"$(inherited)",
					"@executable_path/Frameworks",
				);
				PRODUCT_BUNDLE_IDENTIFIER = leezb101Test.RxSwiftDemo2;
				PRODUCT_NAME = "$(TARGET_NAME)";
				SWIFT_VERSION = 5.0;
				TARGETED_DEVICE_FAMILY = "1,2";
			};
			name = Release;
		};
/* End XCBuildConfiguration section */

/* Begin XCConfigurationList section */
		6F94A3CD22830E24009C71FB /* Build configuration list for PBXProject "RxSwiftDemo2" */ = {
			isa = XCConfigurationList;
			buildConfigurations = (
				6F94A3E222830E25009C71FB /* Debug */,
				6F94A3E322830E25009C71FB /* Release */,
			);
			defaultConfigurationIsVisible = 0;
			defaultConfigurationName = Release;
		};
		6F94A3E422830E25009C71FB /* Build configuration list for PBXNativeTarget "RxSwiftDemo2" */ = {
			isa = XCConfigurationList;
			buildConfigurations = (
				6F94A3E522830E25009C71FB /* Debug */,
				6F94A3E622830E25009C71FB /* Release */,
			);
			defaultConfigurationIsVisible = 0;
			defaultConfigurationName = Release;
		};
/* End XCConfigurationList section */
	};
	rootObject = 6F94A3CA22830E24009C71FB /* Project object */;
}
